
Microsoft Visual Studio Solution File, Format Version 12.00
# Visual Studio Version 17
VisualStudioVersion = 17.5.002.0
MinimumVisualStudioVersion = 10.0.40219.1
Project("{9A19103F-16F7-4668-BE54-9A1E7A4F7556}") = "CRUDExample", "CRUDExample\CRUDExample.csproj", "{FA92F428-C3DF-46E0-9C19-392E5826A142}"
EndProject
Project("{FAE04EC0-301F-11D3-BF4B-00C04F79EFBC}") = "CRUDTests", "CRUDTests\CRUDTests.csproj", "{035780F1-5972-460C-BA64-0E04F3B1336C}"
EndProject
Project("{FAE04EC0-301F-11D3-BF4B-00C04F79EFBC}") = "Entities", "Entities\Entities.csproj", "{A54B69D4-FFF2-46C8-96DB-D5DD2EE66533}"
EndProject
Project("{FAE04EC0-301F-11D3-BF4B-00C04F79EFBC}") = "ServiceContracts", "ServiceContracts\ServiceContracts.csproj", "{CF99DE5C-486B-4B79-B3BA-CD720E51B7C1}"
EndProject
Project("{FAE04EC0-301F-11D3-BF4B-00C04F79EFBC}") = "Services", "Services\Services.csproj", "{8B727461-5777-4BC0-90D1-6B91BD2570AA}"
EndProject
Global
	GlobalSection(SolutionConfigurationPlatforms) = preSolution
		Debug|Any CPU = Debug|Any CPU
		Release|Any CPU = Release|Any CPU
	EndGlobalSection
	GlobalSection(ProjectConfigurationPlatforms) = postSolution
		{FA92F428-C3DF-46E0-9C19-392E5826A142}.Debug|Any CPU.ActiveCfg = Debug|Any CPU
		{FA92F428-C3DF-46E0-9C19-392E5826A142}.Debug|Any CPU.Build.0 = Debug|Any CPU
		{FA92F428-C3DF-46E0-9C19-392E5826A142}.Release|Any CPU.ActiveCfg = Release|Any CPU
		{FA92F428-C3DF-46E0-9C19-392E5826A142}.Release|Any CPU.Build.0 = Release|Any CPU
		{035780F1-5972-460C-BA64-0E04F3B1336C}.Debug|Any CPU.ActiveCfg = Debug|Any CPU
		{035780F1-5972-460C-BA64-0E04F3B1336C}.Debug|Any CPU.Build.0 = Debug|Any CPU
		{035780F1-5972-460C-BA64-0E04F3B1336C}.Release|Any CPU.ActiveCfg = Release|Any CPU
		{035780F1-5972-460C-BA64-0E04F3B1336C}.Release|Any CPU.Build.0 = Release|Any CPU
		{A54B69D4-FFF2-46C8-96DB-D5DD2EE66533}.Debug|Any CPU.ActiveCfg = Debug|Any CPU
		{A54B69D4-FFF2-46C8-96DB-D5DD2EE66533}.Debug|Any CPU.Build.0 = Debug|Any CPU
		{A54B69D4-FFF2-46C8-96DB-D5DD2EE66533}.Release|Any CPU.ActiveCfg = Release|Any CPU
		{A54B69D4-FFF2-46C8-96DB-D5DD2EE66533}.Release|Any CPU.Build.0 = Release|Any CPU
		{CF99DE5C-486B-4B79-B3BA-CD720E51B7C1}.Debug|Any CPU.ActiveCfg = Debug|Any CPU
		{CF99DE5C-486B-4B79-B3BA-CD720E51B7C1}.Debug|Any CPU.Build.0 = Debug|Any CPU
		{CF99DE5C-486B-4B79-B3BA-CD720E51B7C1}.Release|Any CPU.ActiveCfg = Release|Any CPU
		{CF99DE5C-486B-4B79-B3BA-CD720E51B7C1}.Release|Any CPU.Build.0 = Release|Any CPU
		{8B727461-5777-4BC0-90D1-6B91BD2570AA}.Debug|Any CPU.ActiveCfg = Debug|Any CPU
		{8B727461-5777-4BC0-90D1-6B91BD2570AA}.Debug|Any CPU.Build.0 = Debug|Any CPU
		{8B727461-5777-4BC0-90D1-6B91BD2570AA}.Release|Any CPU.ActiveCfg = Release|Any CPU
		{8B727461-5777-4BC0-90D1-6B91BD2570AA}.Release|Any CPU.Build.0 = Release|Any CPU
	EndGlobalSection
	GlobalSection(SolutionProperties) = preSolution
		HideSolutionNode = FALSE
	EndGlobalSection
	GlobalSection(ExtensibilityGlobals) = postSolution
		SolutionGuid = {8EF9DCD7-35A1-4497-A976-D7D83C0DD2E1}
	EndGlobalSection
EndGlobal
