
Microsoft Visual Studio Solution File, Format Version 12.00
# Visual Studio Version 17
VisualStudioVersion = 17.11.35327.3
MinimumVisualStudioVersion = 10.0.40219.1
Project("{FAE04EC0-301F-11D3-BF4B-00C04F79EFBC}") = "Versioning.API", "Versioning.API\Versioning.API.csproj", "{6D269696-4304-4129-9008-0DC5D2069E0D}"
EndProject
Global
	GlobalSection(SolutionConfigurationPlatforms) = preSolution
		Debug|Any CPU = Debug|Any CPU
		Release|Any CPU = Release|Any CPU
	EndGlobalSection
	GlobalSection(ProjectConfigurationPlatforms) = postSolution
		{6D269696-4304-4129-9008-0DC5D2069E0D}.Debug|Any CPU.ActiveCfg = Debug|Any CPU
		{6D269696-4304-4129-9008-0DC5D2069E0D}.Debug|Any CPU.Build.0 = Debug|Any CPU
		{6D269696-4304-4129-9008-0DC5D2069E0D}.Release|Any CPU.ActiveCfg = Release|Any CPU
		{6D269696-4304-4129-9008-0DC5D2069E0D}.Release|Any CPU.Build.0 = Release|Any CPU
	EndGlobalSection
	GlobalSection(SolutionProperties) = preSolution
		HideSolutionNode = FALSE
	EndGlobalSection
	GlobalSection(ExtensibilityGlobals) = postSolution
		SolutionGuid = {00B54FDB-4113-4D74-BA36-0209D93AB008}
	EndGlobalSection
EndGlobal
